
Microsoft Visual Studio Solution File, Format Version 12.00
# Visual Studio Version 17
VisualStudioVersion = 17.7.34024.191
MinimumVisualStudioVersion = 10.0.40219.1
Project("{FAE04EC0-301F-11D3-BF4B-00C04F79EFBC}") = "API", "API\API.csproj", "{156507C8-138D-47FF-95DD-2F484AFD136A}"
EndProject
Global
	GlobalSection(SolutionConfigurationPlatforms) = preSolution
		Debug|Any CPU = Debug|Any CPU
		Release|Any CPU = Release|Any CPU
	EndGlobalSection
	GlobalSection(ProjectConfigurationPlatforms) = postSolution
		{156507C8-138D-47FF-95DD-2F484AFD136A}.Debug|Any CPU.ActiveCfg = Debug|Any CPU
		{156507C8-138D-47FF-95DD-2F484AFD136A}.Debug|Any CPU.Build.0 = Debug|Any CPU
		{156507C8-138D-47FF-95DD-2F484AFD136A}.Release|Any CPU.ActiveCfg = Release|Any CPU
		{156507C8-138D-47FF-95DD-2F484AFD136A}.Release|Any CPU.Build.0 = Release|Any CPU
	EndGlobalSection
	GlobalSection(SolutionProperties) = preSolution
		HideSolutionNode = FALSE
	EndGlobalSection
	GlobalSection(ExtensibilityGlobals) = postSolution
		SolutionGuid = {7BFC4A37-2754-4652-A66B-CB17133F239D}
	EndGlobalSection
EndGlobal
